// !$*UTF8*$!
{
	archiveVersion = 1;
	classes = {
	};
	objectVersion = 77;
	objects = {

/* Begin PBXContainerItemProxy section */
		9A8EAA512D199EE100877BF3 /* PBXContainerItemProxy */ = {
			isa = PBXContainerItemProxy;
			containerPortal = 9A8EAA382D199EDD00877BF3 /* Project object */;
			proxyType = 1;
			remoteGlobalIDString = 9A8EAA3F2D199EDD00877BF3;
			remoteInfo = ShelfCode;
		};
		9A8EAA5B2D199EE100877BF3 /* PBXContainerItemProxy */ = {
			isa = PBXContainerItemProxy;
			containerPortal = 9A8EAA382D199EDD00877BF3 /* Project object */;
			proxyType = 1;
			remoteGlobalIDString = 9A8EAA3F2D199EDD00877BF3;
			remoteInfo = ShelfCode;
		};
/* End PBXContainerItemProxy section */

/* Begin PBXFileReference section */
		9A8EAA402D199EDD00877BF3 /* ShelfCode.app */ = {isa = PBXFileReference; explicitFileType = wrapper.application; includeInIndex = 0; path = ShelfCode.app; sourceTree = BUILT_PRODUCTS_DIR; };
		9A8EAA502D199EE100877BF3 /* ShelfCodeTests.xctest */ = {isa = PBXFileReference; explicitFileType = wrapper.cfbundle; includeInIndex = 0; path = ShelfCodeTests.xctest; sourceTree = BUILT_PRODUCTS_DIR; };
		9A8EAA5A2D199EE100877BF3 /* ShelfCodeUITests.xctest */ = {isa = PBXFileReference; explicitFileType = wrapper.cfbundle; includeInIndex = 0; path = ShelfCodeUITests.xctest; sourceTree = BUILT_PRODUCTS_DIR; };
/* End PBXFileReference section */

/* Begin PBXFileSystemSynchronizedRootGroup section */
		9A8EAA422D199EDD00877BF3 /* ShelfCode */ = {
			isa = PBXFileSystemSynchronizedRootGroup;
			path = ShelfCode;
			sourceTree = "<group>";
		};
		9A8EAA532D199EE100877BF3 /* ShelfCodeTests */ = {
			isa = PBXFileSystemSynchronizedRootGroup;
			path = ShelfCodeTests;
			sourceTree = "<group>";
		};
		9A8EAA5D2D199EE100877BF3 /* ShelfCodeUITests */ = {
			isa = PBXFileSystemSynchronizedRootGroup;
			path = ShelfCodeUITests;
			sourceTree = "<group>";
		};
/* End PBXFileSystemSynchronizedRootGroup section */

/* Begin PBXFrameworksBuildPhase section */
		9A8EAA3D2D199EDD00877BF3 /* Frameworks */ = {
			isa = PBXFrameworksBuildPhase;
			buildActionMask = 2147483647;
			files = (
			);
			runOnlyForDeploymentPostprocessing = 0;
		};
		9A8EAA4D2D199EE100877BF3 /* Frameworks */ = {
			isa = PBXFrameworksBuildPhase;
			buildActionMask = 2147483647;
			files = (
			);
			runOnlyForDeploymentPostprocessing = 0;
		};
		9A8EAA572D199EE100877BF3 /* Frameworks */ = {
			isa = PBXFrameworksBuildPhase;
			buildActionMask = 2147483647;
			files = (
			);
			runOnlyForDeploymentPostprocessing = 0;
		};
/* End PBXFrameworksBuildPhase section */

/* Begin PBXGroup section */
		9A8EAA372D199EDD00877BF3 = {
			isa = PBXGroup;
			children = (
				9A8EAA422D199EDD00877BF3 /* ShelfCode */,
				9A8EAA532D199EE100877BF3 /* ShelfCodeTests */,
				9A8EAA5D2D199EE100877BF3 /* ShelfCodeUITests */,
				9A8EAA412D199EDD00877BF3 /* Products */,
			);
			sourceTree = "<group>";
		};
		9A8EAA412D199EDD00877BF3 /* Products */ = {
			isa = PBXGroup;
			children = (
				9A8EAA402D199EDD00877BF3 /* ShelfCode.app */,
				9A8EAA502D199EE100877BF3 /* ShelfCodeTests.xctest */,
				9A8EAA5A2D199EE100877BF3 /* ShelfCodeUITests.xctest */,
			);
			name = Products;
			sourceTree = "<group>";
		};
/* End PBXGroup section */

/* Begin PBXNativeTarget section */
		9A8EAA3F2D199EDD00877BF3 /* ShelfCode */ = {
			isa = PBXNativeTarget;
			buildConfigurationList = 9A8EAA642D199EE100877BF3 /* Build configuration list for PBXNativeTarget "ShelfCode" */;
			buildPhases = (
				9A8EAA3C2D199EDD00877BF3 /* Sources */,
				9A8EAA3D2D199EDD00877BF3 /* Frameworks */,
				9A8EAA3E2D199EDD00877BF3 /* Resources */,
			);
			buildRules = (
			);
			dependencies = (
			);
			fileSystemSynchronizedGroups = (
				9A8EAA422D199EDD00877BF3 /* ShelfCode */,
			);
			name = ShelfCode;
			packageProductDependencies = (
			);
			productName = ShelfCode;
			productReference = 9A8EAA402D199EDD00877BF3 /* ShelfCode.app */;
			productType = "com.apple.product-type.application";
		};
		9A8EAA4F2D199EE100877BF3 /* ShelfCodeTests */ = {
			isa = PBXNativeTarget;
			buildConfigurationList = 9A8EAA672D199EE100877BF3 /* Build configuration list for PBXNativeTarget "ShelfCodeTests" */;
			buildPhases = (
				9A8EAA4C2D199EE100877BF3 /* Sources */,
				9A8EAA4D2D199EE100877BF3 /* Frameworks */,
				9A8EAA4E2D199EE100877BF3 /* Resources */,
			);
			buildRules = (
			);
			dependencies = (
				9A8EAA522D199EE100877BF3 /* PBXTargetDependency */,
			);
			fileSystemSynchronizedGroups = (
				9A8EAA532D199EE100877BF3 /* ShelfCodeTests */,
			);
			name = ShelfCodeTests;
			packageProductDependencies = (
			);
			productName = ShelfCodeTests;
			productReference = 9A8EAA502D199EE100877BF3 /* ShelfCodeTests.xctest */;
			productType = "com.apple.product-type.bundle.unit-test";
		};
		9A8EAA592D199EE100877BF3 /* ShelfCodeUITests */ = {
			isa = PBXNativeTarget;
			buildConfigurationList = 9A8EAA6A2D199EE100877BF3 /* Build configuration list for PBXNativeTarget "ShelfCodeUITests" */;
			buildPhases = (
				9A8EAA562D199EE100877BF3 /* Sources */,
				9A8EAA572D199EE100877BF3 /* Frameworks */,
				9A8EAA582D199EE100877BF3 /* Resources */,
			);
			buildRules = (
			);
			dependencies = (
				9A8EAA5C2D199EE100877BF3 /* PBXTargetDependency */,
			);
			fileSystemSynchronizedGroups = (
				9A8EAA5D2D199EE100877BF3 /* ShelfCodeUITests */,
			);
			name = ShelfCodeUITests;
			packageProductDependencies = (
			);
			productName = ShelfCodeUITests;
			productReference = 9A8EAA5A2D199EE100877BF3 /* ShelfCodeUITests.xctest */;
			productType = "com.apple.product-type.bundle.ui-testing";
		};
/* End PBXNativeTarget section */

/* Begin PBXProject section */
		9A8EAA382D199EDD00877BF3 /* Project object */ = {
			isa = PBXProject;
			attributes = {
				BuildIndependentTargetsInParallel = 1;
				LastSwiftUpdateCheck = 1620;
				LastUpgradeCheck = 1620;
				TargetAttributes = {
					9A8EAA3F2D199EDD00877BF3 = {
						CreatedOnToolsVersion = 16.2;
					};
					9A8EAA4F2D199EE100877BF3 = {
						CreatedOnToolsVersion = 16.2;
						TestTargetID = 9A8EAA3F2D199EDD00877BF3;
					};
					9A8EAA592D199EE100877BF3 = {
						CreatedOnToolsVersion = 16.2;
						TestTargetID = 9A8EAA3F2D199EDD00877BF3;
					};
				};
			};
			buildConfigurationList = 9A8EAA3B2D199EDD00877BF3 /* Build configuration list for PBXProject "ShelfCode" */;
			developmentRegion = en;
			hasScannedForEncodings = 0;
			knownRegions = (
				en,
				Base,
			);
			mainGroup = 9A8EAA372D199EDD00877BF3;
			minimizedProjectReferenceProxies = 1;
			preferredProjectObjectVersion = 77;
			productRefGroup = 9A8EAA412D199EDD00877BF3 /* Products */;
			projectDirPath = "";
			projectRoot = "";
			targets = (
				9A8EAA3F2D199EDD00877BF3 /* ShelfCode */,
				9A8EAA4F2D199EE100877BF3 /* ShelfCodeTests */,
				9A8EAA592D199EE100877BF3 /* ShelfCodeUITests */,
			);
		};
/* End PBXProject section */

/* Begin PBXResourcesBuildPhase section */
		9A8EAA3E2D199EDD00877BF3 /* Resources */ = {
			isa = PBXResourcesBuildPhase;
			buildActionMask = 2147483647;
			files = (
			);
			runOnlyForDeploymentPostprocessing = 0;
		};
		9A8EAA4E2D199EE100877BF3 /* Resources */ = {
			isa = PBXResourcesBuildPhase;
			buildActionMask = 2147483647;
			files = (
			);
			runOnlyForDeploymentPostprocessing = 0;
		};
		9A8EAA582D199EE100877BF3 /* Resources */ = {
			isa = PBXResourcesBuildPhase;
			buildActionMask = 2147483647;
			files = (
			);
			runOnlyForDeploymentPostprocessing = 0;
		};
/* End PBXResourcesBuildPhase section */

/* Begin PBXSourcesBuildPhase section */
		9A8EAA3C2D199EDD00877BF3 /* Sources */ = {
			isa = PBXSourcesBuildPhase;
			buildActionMask = 2147483647;
			files = (
			);
			runOnlyForDeploymentPostprocessing = 0;
		};
		9A8EAA4C2D199EE100877BF3 /* Sources */ = {
			isa = PBXSourcesBuildPhase;
			buildActionMask = 2147483647;
			files = (
			);
			runOnlyForDeploymentPostprocessing = 0;
		};
		9A8EAA562D199EE100877BF3 /* Sources */ = {
			isa = PBXSourcesBuildPhase;
			buildActionMask = 2147483647;
			files = (
			);
			runOnlyForDeploymentPostprocessing = 0;
		};
/* End PBXSourcesBuildPhase section */

/* Begin PBXTargetDependency section */
		9A8EAA522D199EE100877BF3 /* PBXTargetDependency */ = {
			isa = PBXTargetDependency;
			target = 9A8EAA3F2D199EDD00877BF3 /* ShelfCode */;
			targetProxy = 9A8EAA512D199EE100877BF3 /* PBXContainerItemProxy */;
		};
		9A8EAA5C2D199EE100877BF3 /* PBXTargetDependency */ = {
			isa = PBXTargetDependency;
			target = 9A8EAA3F2D199EDD00877BF3 /* ShelfCode */;
			targetProxy = 9A8EAA5B2D199EE100877BF3 /* PBXContainerItemProxy */;
		};
/* End PBXTargetDependency section */

/* Begin XCBuildConfiguration section */
		9A8EAA622D199EE100877BF3 /* Debug */ = {
			isa = XCBuildConfiguration;
			buildSettings = {
				ALWAYS_SEARCH_USER_PATHS = NO;
				ASSETCATALOG_COMPILER_GENERATE_SWIFT_ASSET_SYMBOL_EXTENSIONS = YES;
				CLANG_ANALYZER_NONNULL = YES;
				CLANG_ANALYZER_NUMBER_OBJECT_CONVERSION = YES_AGGRESSIVE;
				CLANG_CXX_LANGUAGE_STANDARD = "gnu++20";
				CLANG_ENABLE_MODULES = YES;
				CLANG_ENABLE_OBJC_ARC = YES;
				CLANG_ENABLE_OBJC_WEAK = YES;
				CLANG_WARN_BLOCK_CAPTURE_AUTORELEASING = YES;
				CLANG_WARN_BOOL_CONVERSION = YES;
				CLANG_WARN_COMMA = YES;
				CLANG_WARN_CONSTANT_CONVERSION = YES;
				CLANG_WARN_DEPRECATED_OBJC_IMPLEMENTATIONS = YES;
				CLANG_WARN_DIRECT_OBJC_ISA_USAGE = YES_ERROR;
				CLANG_WARN_DOCUMENTATION_COMMENTS = YES;
				CLANG_WARN_EMPTY_BODY = YES;
				CLANG_WARN_ENUM_CONVERSION = YES;
				CLANG_WARN_INFINITE_RECURSION = YES;
				CLANG_WARN_INT_CONVERSION = YES;
				CLANG_WARN_NON_LITERAL_NULL_CONVERSION = YES;
				CLANG_WARN_OBJC_IMPLICIT_RETAIN_SELF = YES;
				CLANG_WARN_OBJC_LITERAL_CONVERSION = YES;
				CLANG_WARN_OBJC_ROOT_CLASS = YES_ERROR;
				CLANG_WARN_QUOTED_INCLUDE_IN_FRAMEWORK_HEADER = YES;
				CLANG_WARN_RANGE_LOOP_ANALYSIS = YES;
				CLANG_WARN_STRICT_PROTOTYPES = YES;
				CLANG_WARN_SUSPICIOUS_MOVE = YES;
				CLANG_WARN_UNGUARDED_AVAILABILITY = YES_AGGRESSIVE;
				CLANG_WARN_UNREACHABLE_CODE = YES;
				CLANG_WARN__DUPLICATE_METHOD_MATCH = YES;
				COPY_PHASE_STRIP = NO;
				DEBUG_INFORMATION_FORMAT = dwarf;
				ENABLE_STRICT_OBJC_MSGSEND = YES;
				ENABLE_TESTABILITY = YES;
				ENABLE_USER_SCRIPT_SANDBOXING = YES;
				GCC_C_LANGUAGE_STANDARD = gnu17;
				GCC_DYNAMIC_NO_PIC = NO;
				GCC_NO_COMMON_BLOCKS = YES;
				GCC_OPTIMIZATION_LEVEL = 0;
				GCC_PREPROCESSOR_DEFINITIONS = (
					"DEBUG=1",
					"$(inherited)",
				);
				GCC_WARN_64_TO_32_BIT_CONVERSION = YES;
				GCC_WARN_ABOUT_RETURN_TYPE = YES_ERROR;
				GCC_WARN_UNDECLARED_SELECTOR = YES;
				GCC_WARN_UNINITIALIZED_AUTOS = YES_AGGRESSIVE;
				GCC_WARN_UNUSED_FUNCTION = YES;
				GCC_WARN_UNUSED_VARIABLE = YES;
				IPHONEOS_DEPLOYMENT_TARGET = 18.2;
				LOCALIZATION_PREFERS_STRING_CATALOGS = YES;
				MTL_ENABLE_DEBUG_INFO = INCLUDE_SOURCE;
				MTL_FAST_MATH = YES;
				ONLY_ACTIVE_ARCH = YES;
				SDKROOT = iphoneos;
				SWIFT_ACTIVE_COMPILATION_CONDITIONS = "DEBUG $(inherited)";
				SWIFT_OPTIMIZATION_LEVEL = "-Onone";
			};
			name = Debug;
		};
		9A8EAA632D199EE100877BF3 /* Release */ = {
			isa = XCBuildConfiguration;
			buildSettings = {
				ALWAYS_SEARCH_USER_PATHS = NO;
				ASSETCATALOG_COMPILER_GENERATE_SWIFT_ASSET_SYMBOL_EXTENSIONS = YES;
				CLANG_ANALYZER_NONNULL = YES;
				CLANG_ANALYZER_NUMBER_OBJECT_CONVERSION = YES_AGGRESSIVE;
				CLANG_CXX_LANGUAGE_STANDARD = "gnu++20";
				CLANG_ENABLE_MODULES = YES;
				CLANG_ENABLE_OBJC_ARC = YES;
				CLANG_ENABLE_OBJC_WEAK = YES;
				CLANG_WARN_BLOCK_CAPTURE_AUTORELEASING = YES;
				CLANG_WARN_BOOL_CONVERSION = YES;
				CLANG_WARN_COMMA = YES;
				CLANG_WARN_CONSTANT_CONVERSION = YES;
				CLANG_WARN_DEPRECATED_OBJC_IMPLEMENTATIONS = YES;
				CLANG_WARN_DIRECT_OBJC_ISA_USAGE = YES_ERROR;
				CLANG_WARN_DOCUMENTATION_COMMENTS = YES;
				CLANG_WARN_EMPTY_BODY = YES;
				CLANG_WARN_ENUM_CONVERSION = YES;
				CLANG_WARN_INFINITE_RECURSION = YES;
				CLANG_WARN_INT_CONVERSION = YES;
				CLANG_WARN_NON_LITERAL_NULL_CONVERSION = YES;
				CLANG_WARN_OBJC_IMPLICIT_RETAIN_SELF = YES;
				CLANG_WARN_OBJC_LITERAL_CONVERSION = YES;
				CLANG_WARN_OBJC_ROOT_CLASS = YES_ERROR;
				CLANG_WARN_QUOTED_INCLUDE_IN_FRAMEWORK_HEADER = YES;
				CLANG_WARN_RANGE_LOOP_ANALYSIS = YES;
				CLANG_WARN_STRICT_PROTOTYPES = YES;
				CLANG_WARN_SUSPICIOUS_MOVE = YES;
				CLANG_WARN_UNGUARDED_AVAILABILITY = YES_AGGRESSIVE;
				CLANG_WARN_UNREACHABLE_CODE = YES;
				CLANG_WARN__DUPLICATE_METHOD_MATCH = YES;
				COPY_PHASE_STRIP = NO;
				DEBUG_INFORMATION_FORMAT = "dwarf-with-dsym";
				ENABLE_NS_ASSERTIONS = NO;
				ENABLE_STRICT_OBJC_MSGSEND = YES;
				ENABLE_USER_SCRIPT_SANDBOXING = YES;
				GCC_C_LANGUAGE_STANDARD = gnu17;
				GCC_NO_COMMON_BLOCKS = YES;
				GCC_WARN_64_TO_32_BIT_CONVERSION = YES;
				GCC_WARN_ABOUT_RETURN_TYPE = YES_ERROR;
				GCC_WARN_UNDECLARED_SELECTOR = YES;
				GCC_WARN_UNINITIALIZED_AUTOS = YES_AGGRESSIVE;
				GCC_WARN_UNUSED_FUNCTION = YES;
				GCC_WARN_UNUSED_VARIABLE = YES;
				IPHONEOS_DEPLOYMENT_TARGET = 18.2;
				LOCALIZATION_PREFERS_STRING_CATALOGS = YES;
				MTL_ENABLE_DEBUG_INFO = NO;
				MTL_FAST_MATH = YES;
				SDKROOT = iphoneos;
				SWIFT_COMPILATION_MODE = wholemodule;
				VALIDATE_PRODUCT = YES;
			};
			name = Release;
		};
		9A8EAA652D199EE100877BF3 /* Debug */ = {
			isa = XCBuildConfiguration;
			buildSettings = {
				ASSETCATALOG_COMPILER_APPICON_NAME = AppIcon;
				ASSETCATALOG_COMPILER_GLOBAL_ACCENT_COLOR_NAME = AccentColor;
				CODE_SIGN_STYLE = Automatic;
				CURRENT_PROJECT_VERSION = 1;
				DEVELOPMENT_ASSET_PATHS = "\"ShelfCode/Preview Content\"";
				ENABLE_PREVIEWS = YES;
				GENERATE_INFOPLIST_FILE = YES;
				INFOPLIST_KEY_UIApplicationSceneManifest_Generation = YES;
				INFOPLIST_KEY_UIApplicationSupportsIndirectInputEvents = YES;
				INFOPLIST_KEY_UILaunchScreen_Generation = YES;
				INFOPLIST_KEY_UISupportedInterfaceOrientations_iPad = "UIInterfaceOrientationPortrait UIInterfaceOrientationPortraitUpsideDown UIInterfaceOrientationLandscapeLeft UIInterfaceOrientationLandscapeRight";
				INFOPLIST_KEY_UISupportedInterfaceOrientations_iPhone = "UIInterfaceOrientationPortrait UIInterfaceOrientationLandscapeLeft UIInterfaceOrientationLandscapeRight";
				LD_RUNPATH_SEARCH_PATHS = (
					"$(inherited)",
					"@executable_path/Frameworks",
				);
				MARKETING_VERSION = 1.0;
				PRODUCT_BUNDLE_IDENTIFIER = ziang.ShelfCode;
				PRODUCT_NAME = "$(TARGET_NAME)";
				SWIFT_EMIT_LOC_STRINGS = YES;
				SWIFT_VERSION = 5.0;
				TARGETED_DEVICE_FAMILY = "1,2";
			};
			name = Debug;
		};
		9A8EAA662D199EE100877BF3 /* Release */ = {
			isa = XCBuildConfiguration;
			buildSettings = {
				ASSETCATALOG_COMPILER_APPICON_NAME = AppIcon;
				ASSETCATALOG_COMPILER_GLOBAL_ACCENT_COLOR_NAME = AccentColor;
				CODE_SIGN_STYLE = Automatic;
				CURRENT_PROJECT_VERSION = 1;
				DEVELOPMENT_ASSET_PATHS = "\"ShelfCode/Preview Content\"";
				ENABLE_PREVIEWS = YES;
				GENERATE_INFOPLIST_FILE = YES;
				INFOPLIST_KEY_UIApplicationSceneManifest_Generation = YES;
				INFOPLIST_KEY_UIApplicationSupportsIndirectInputEvents = YES;
				INFOPLIST_KEY_UILaunchScreen_Generation = YES;
				INFOPLIST_KEY_UISupportedInterfaceOrientations_iPad = "UIInterfaceOrientationPortrait UIInterfaceOrientationPortraitUpsideDown UIInterfaceOrientationLandscapeLeft UIInterfaceOrientationLandscapeRight";
				INFOPLIST_KEY_UISupportedInterfaceOrientations_iPhone = "UIInterfaceOrientationPortrait UIInterfaceOrientationLandscapeLeft UIInterfaceOrientationLandscapeRight";
				LD_RUNPATH_SEARCH_PATHS = (
					"$(inherited)",
					"@executable_path/Frameworks",
				);
				MARKETING_VERSION = 1.0;
				PRODUCT_BUNDLE_IDENTIFIER = ziang.ShelfCode;
				PRODUCT_NAME = "$(TARGET_NAME)";
				SWIFT_EMIT_LOC_STRINGS = YES;
				SWIFT_VERSION = 5.0;
				TARGETED_DEVICE_FAMILY = "1,2";
			};
			name = Release;
		};
		9A8EAA682D199EE100877BF3 /* Debug */ = {
			isa = XCBuildConfiguration;
			buildSettings = {
				BUNDLE_LOADER = "$(TEST_HOST)";
				CODE_SIGN_STYLE = Automatic;
				CURRENT_PROJECT_VERSION = 1;
				GENERATE_INFOPLIST_FILE = YES;
				IPHONEOS_DEPLOYMENT_TARGET = 18.2;
				MARKETING_VERSION = 1.0;
				PRODUCT_BUNDLE_IDENTIFIER = ziang.ShelfCodeTests;
				PRODUCT_NAME = "$(TARGET_NAME)";
				SWIFT_EMIT_LOC_STRINGS = NO;
				SWIFT_VERSION = 5.0;
				TARGETED_DEVICE_FAMILY = "1,2";
				TEST_HOST = "$(BUILT_PRODUCTS_DIR)/ShelfCode.app/$(BUNDLE_EXECUTABLE_FOLDER_PATH)/ShelfCode";
			};
			name = Debug;
		};
		9A8EAA692D199EE100877BF3 /* Release */ = {
			isa = XCBuildConfiguration;
			buildSettings = {
				BUNDLE_LOADER = "$(TEST_HOST)";
				CODE_SIGN_STYLE = Automatic;
				CURRENT_PROJECT_VERSION = 1;
				GENERATE_INFOPLIST_FILE = YES;
				IPHONEOS_DEPLOYMENT_TARGET = 18.2;
				MARKETING_VERSION = 1.0;
				PRODUCT_BUNDLE_IDENTIFIER = ziang.ShelfCodeTests;
				PRODUCT_NAME = "$(TARGET_NAME)";
				SWIFT_EMIT_LOC_STRINGS = NO;
				SWIFT_VERSION = 5.0;
				TARGETED_DEVICE_FAMILY = "1,2";
				TEST_HOST = "$(BUILT_PRODUCTS_DIR)/ShelfCode.app/$(BUNDLE_EXECUTABLE_FOLDER_PATH)/ShelfCode";
			};
			name = Release;
		};
		9A8EAA6B2D199EE100877BF3 /* Debug */ = {
			isa = XCBuildConfiguration;
			buildSettings = {
				CODE_SIGN_STYLE = Automatic;
				CURRENT_PROJECT_VERSION = 1;
				GENERATE_INFOPLIST_FILE = YES;
				MARKETING_VERSION = 1.0;
				PRODUCT_BUNDLE_IDENTIFIER = ziang.ShelfCodeUITests;
				PRODUCT_NAME = "$(TARGET_NAME)";
				SWIFT_EMIT_LOC_STRINGS = NO;
				SWIFT_VERSION = 5.0;
				TARGETED_DEVICE_FAMILY = "1,2";
				TEST_TARGET_NAME = ShelfCode;
			};
			name = Debug;
		};
		9A8EAA6C2D199EE100877BF3 /* Release */ = {
			isa = XCBuildConfiguration;
			buildSettings = {
				CODE_SIGN_STYLE = Automatic;
				CURRENT_PROJECT_VERSION = 1;
				GENERATE_INFOPLIST_FILE = YES;
				MARKETING_VERSION = 1.0;
				PRODUCT_BUNDLE_IDENTIFIER = ziang.ShelfCodeUITests;
				PRODUCT_NAME = "$(TARGET_NAME)";
				SWIFT_EMIT_LOC_STRINGS = NO;
				SWIFT_VERSION = 5.0;
				TARGETED_DEVICE_FAMILY = "1,2";
				TEST_TARGET_NAME = ShelfCode;
			};
			name = Release;
		};
/* End XCBuildConfiguration section */

/* Begin XCConfigurationList section */
		9A8EAA3B2D199EDD00877BF3 /* Build configuration list for PBXProject "ShelfCode" */ = {
			isa = XCConfigurationList;
			buildConfigurations = (
				9A8EAA622D199EE100877BF3 /* Debug */,
				9A8EAA632D199EE100877BF3 /* Release */,
			);
			defaultConfigurationIsVisible = 0;
			defaultConfigurationName = Release;
		};
		9A8EAA642D199EE100877BF3 /* Build configuration list for PBXNativeTarget "ShelfCode" */ = {
			isa = XCConfigurationList;
			buildConfigurations = (
				9A8EAA652D199EE100877BF3 /* Debug */,
				9A8EAA662D199EE100877BF3 /* Release */,
			);
			defaultConfigurationIsVisible = 0;
			defaultConfigurationName = Release;
		};
		9A8EAA672D199EE100877BF3 /* Build configuration list for PBXNativeTarget "ShelfCodeTests" */ = {
			isa = XCConfigurationList;
			buildConfigurations = (
				9A8EAA682D199EE100877BF3 /* Debug */,
				9A8EAA692D199EE100877BF3 /* Release */,
			);
			defaultConfigurationIsVisible = 0;
			defaultConfigurationName = Release;
		};
		9A8EAA6A2D199EE100877BF3 /* Build configuration list for PBXNativeTarget "ShelfCodeUITests" */ = {
			isa = XCConfigurationList;
			buildConfigurations = (
				9A8EAA6B2D199EE100877BF3 /* Debug */,
				9A8EAA6C2D199EE100877BF3 /* Release */,
			);
			defaultConfigurationIsVisible = 0;
			defaultConfigurationName = Release;
		};
/* End XCConfigurationList section */
	};
	rootObject = 9A8EAA382D199EDD00877BF3 /* Project object */;
}
